{
  "lockfileVersion": 1,
  "configVersion": 1,
  "workspaces": {
    "": {
      "dependencies": {
        "@webtui/css": "^0.1.6",
        "@webtui/theme-catppuccin": "^0.0.3",
      },
    },
  },
  "packages": {
    "@webtui/css": ["@webtui/css@0.1.6", "", {}, "sha512-pYQ7wE5R2ZC4Suj/BtHg5oG1HPhX+RXfFPh/pn8b+Eb+GHmL7rT8RrKkywLgtExNBD0kdqrEDHAr7pjs6PNNBg=="],

    "@webtui/theme-catppuccin": ["@webtui/theme-catppuccin@0.0.3", "", {}, "sha512-mn3qpyIDYzPm9DoDX7Rs/Ma/3YawbAZEu6/Cemj4kTodr4eBFuEOmkkd1RtChsXGH75fZ054MIzZoVwYvA5W2g=="],
  }
}
